
Microsoft Visual Studio Solution File, Format Version 12.00
Project("{FAE04EC0-301F-11D3-BF4B-00C04F79EFBC}") = "DatabazeProjekt", "DatabazeProjekt.csproj", "{B698F169-5759-44C7-8ED0-B3D673908399}"
EndProject
Global
	GlobalSection(SolutionConfigurationPlatforms) = preSolution
		Debug|Any CPU = Debug|Any CPU
		Release|Any CPU = Release|Any CPU
	EndGlobalSection
	GlobalSection(ProjectConfigurationPlatforms) = postSolution
		{B698F169-5759-44C7-8ED0-B3D673908399}.Debug|Any CPU.ActiveCfg = Debug|Any CPU
		{B698F169-5759-44C7-8ED0-B3D673908399}.Debug|Any CPU.Build.0 = Debug|Any CPU
		{B698F169-5759-44C7-8ED0-B3D673908399}.Release|Any CPU.ActiveCfg = Release|Any CPU
		{B698F169-5759-44C7-8ED0-B3D673908399}.Release|Any CPU.Build.0 = Release|Any CPU
	EndGlobalSection
EndGlobal
